
Microsoft Visual Studio Solution File, Format Version 12.00
# Visual Studio Version 16
VisualStudioVersion = 16.0.30320.27
MinimumVisualStudioVersion = 10.0.40219.1
Project("{FAE04EC0-301F-11D3-BF4B-00C04F79EFBC}") = "eDawaKhana", "eDawaKhana.csproj", "{34ED7795-6C22-4B4E-8D01-102B23DEBD9E}"
EndProject
Project("{FAE04EC0-301F-11D3-BF4B-00C04F79EFBC}") = "eDawaKhana.DataLayer", "..\eDawaKhana.DataLayer\eDawaKhana.DataLayer.csproj", "{CBF7A22E-4692-4630-ABDA-F23D5308171F}"
EndProject
Project("{FAE04EC0-301F-11D3-BF4B-00C04F79EFBC}") = "eDawaKhana.Common", "..\eDawaKhana.Common\eDawaKhana.Common.csproj", "{CEA2B8B1-075A-450E-BD1F-93F999E34537}"
EndProject
Global
	GlobalSection(SolutionConfigurationPlatforms) = preSolution
		Debug|Any CPU = Debug|Any CPU
		Release|Any CPU = Release|Any CPU
	EndGlobalSection
	GlobalSection(ProjectConfigurationPlatforms) = postSolution
		{34ED7795-6C22-4B4E-8D01-102B23DEBD9E}.Debug|Any CPU.ActiveCfg = Debug|Any CPU
		{34ED7795-6C22-4B4E-8D01-102B23DEBD9E}.Debug|Any CPU.Build.0 = Debug|Any CPU
		{34ED7795-6C22-4B4E-8D01-102B23DEBD9E}.Release|Any CPU.ActiveCfg = Release|Any CPU
		{34ED7795-6C22-4B4E-8D01-102B23DEBD9E}.Release|Any CPU.Build.0 = Release|Any CPU
		{CBF7A22E-4692-4630-ABDA-F23D5308171F}.Debug|Any CPU.ActiveCfg = Debug|Any CPU
		{CBF7A22E-4692-4630-ABDA-F23D5308171F}.Debug|Any CPU.Build.0 = Debug|Any CPU
		{CBF7A22E-4692-4630-ABDA-F23D5308171F}.Release|Any CPU.ActiveCfg = Release|Any CPU
		{CBF7A22E-4692-4630-ABDA-F23D5308171F}.Release|Any CPU.Build.0 = Release|Any CPU
		{CEA2B8B1-075A-450E-BD1F-93F999E34537}.Debug|Any CPU.ActiveCfg = Debug|Any CPU
		{CEA2B8B1-075A-450E-BD1F-93F999E34537}.Debug|Any CPU.Build.0 = Debug|Any CPU
		{CEA2B8B1-075A-450E-BD1F-93F999E34537}.Release|Any CPU.ActiveCfg = Release|Any CPU
		{CEA2B8B1-075A-450E-BD1F-93F999E34537}.Release|Any CPU.Build.0 = Release|Any CPU
	EndGlobalSection
	GlobalSection(SolutionProperties) = preSolution
		HideSolutionNode = FALSE
	EndGlobalSection
	GlobalSection(ExtensibilityGlobals) = postSolution
		SolutionGuid = {E5DC9985-20EF-40C5-8DB5-3FF5102BD5D3}
	EndGlobalSection
EndGlobal
