
Microsoft Visual Studio Solution File, Format Version 12.00
# Visual Studio Version 16
VisualStudioVersion = 16.0.30320.27
MinimumVisualStudioVersion = 10.0.40219.1
Project("{FAE04EC0-301F-11D3-BF4B-00C04F79EFBC}") = "eDawaKhana", "eDawaKhana.csproj", "{34ED7795-6C22-4B4E-8D01-102B23DEBD9E}"
EndProject
Project("{FAE04EC0-301F-11D3-BF4B-00C04F79EFBC}") = "eDawaKhana.DataLayer", "..\eDawaKhana.DataLayer\eDawaKhana.DataLayer.csproj", "{964E6721-34D2-4C62-9C55-A5123004F3C3}"
EndProject
Project("{FAE04EC0-301F-11D3-BF4B-00C04F79EFBC}") = "eDawaKhana.BusinessLayer", "..\eDawaKhana.BusinessLayer\eDawaKhana.BusinessLayer.csproj", "{A1631091-A66A-4FE6-B89D-1F5BA3DB9841}"
EndProject
Global
	GlobalSection(SolutionConfigurationPlatforms) = preSolution
		Debug|Any CPU = Debug|Any CPU
		Release|Any CPU = Release|Any CPU
	EndGlobalSection
	GlobalSection(ProjectConfigurationPlatforms) = postSolution
		{34ED7795-6C22-4B4E-8D01-102B23DEBD9E}.Debug|Any CPU.ActiveCfg = Debug|Any CPU
		{34ED7795-6C22-4B4E-8D01-102B23DEBD9E}.Debug|Any CPU.Build.0 = Debug|Any CPU
		{34ED7795-6C22-4B4E-8D01-102B23DEBD9E}.Release|Any CPU.ActiveCfg = Release|Any CPU
		{34ED7795-6C22-4B4E-8D01-102B23DEBD9E}.Release|Any CPU.Build.0 = Release|Any CPU
		{964E6721-34D2-4C62-9C55-A5123004F3C3}.Debug|Any CPU.ActiveCfg = Debug|Any CPU
		{964E6721-34D2-4C62-9C55-A5123004F3C3}.Debug|Any CPU.Build.0 = Debug|Any CPU
		{964E6721-34D2-4C62-9C55-A5123004F3C3}.Release|Any CPU.ActiveCfg = Release|Any CPU
		{964E6721-34D2-4C62-9C55-A5123004F3C3}.Release|Any CPU.Build.0 = Release|Any CPU
		{A1631091-A66A-4FE6-B89D-1F5BA3DB9841}.Debug|Any CPU.ActiveCfg = Debug|Any CPU
		{A1631091-A66A-4FE6-B89D-1F5BA3DB9841}.Debug|Any CPU.Build.0 = Debug|Any CPU
		{A1631091-A66A-4FE6-B89D-1F5BA3DB9841}.Release|Any CPU.ActiveCfg = Release|Any CPU
		{A1631091-A66A-4FE6-B89D-1F5BA3DB9841}.Release|Any CPU.Build.0 = Release|Any CPU
	EndGlobalSection
	GlobalSection(SolutionProperties) = preSolution
		HideSolutionNode = FALSE
	EndGlobalSection
	GlobalSection(ExtensibilityGlobals) = postSolution
		SolutionGuid = {E5DC9985-20EF-40C5-8DB5-3FF5102BD5D3}
	EndGlobalSection
EndGlobal
